// !$*UTF8*$!
{
	archiveVersion = 1;
	classes = {
	};
	objectVersion = 52;
	objects = {

/* Begin PBXBuildFile section */
		1C3E4872F717364014A32221 /* Pods_WaveMP.framework in Frameworks */ = {isa = PBXBuildFile; fileRef = F0797F00B07C52E83E76C644 /* Pods_WaveMP.framework */; };
		3D03B2FF24451CCF00BC2CE1 /* CollectionViewCell.swift in Sources */ = {isa = PBXBuildFile; fileRef = 3D03B2FE24451CCF00BC2CE1 /* CollectionViewCell.swift */; };
		3D06D9AB243B0C91003D0EB2 /* AppDelegate.swift in Sources */ = {isa = PBXBuildFile; fileRef = 3D06D9AA243B0C91003D0EB2 /* AppDelegate.swift */; };
		3D06D9AD243B0C91003D0EB2 /* SceneDelegate.swift in Sources */ = {isa = PBXBuildFile; fileRef = 3D06D9AC243B0C91003D0EB2 /* SceneDelegate.swift */; };
		3D06D9B2243B0C91003D0EB2 /* Main.storyboard in Resources */ = {isa = PBXBuildFile; fileRef = 3D06D9B0243B0C91003D0EB2 /* Main.storyboard */; };
		3D06D9B7243B0C94003D0EB2 /* LaunchScreen.storyboard in Resources */ = {isa = PBXBuildFile; fileRef = 3D06D9B5243B0C94003D0EB2 /* LaunchScreen.storyboard */; };
		3D06D9C2243B0C94003D0EB2 /* WaveMPTests.swift in Sources */ = {isa = PBXBuildFile; fileRef = 3D06D9C1243B0C94003D0EB2 /* WaveMPTests.swift */; };
		3D06D9CD243B0C94003D0EB2 /* WaveMPUITests.swift in Sources */ = {isa = PBXBuildFile; fileRef = 3D06D9CC243B0C94003D0EB2 /* WaveMPUITests.swift */; };
		3D06D9DE243B1669003D0EB2 /* HomeViewController.swift in Sources */ = {isa = PBXBuildFile; fileRef = 3D06D9DD243B1669003D0EB2 /* HomeViewController.swift */; };
		3D06D9E3243B2D2B003D0EB2 /* UserPermission.swift in Sources */ = {isa = PBXBuildFile; fileRef = 3D06D9E2243B2D2B003D0EB2 /* UserPermission.swift */; };
		3D06D9E9243B2F05003D0EB2 /* MiniPlayer.swift in Sources */ = {isa = PBXBuildFile; fileRef = 3D06D9E8243B2F05003D0EB2 /* MiniPlayer.swift */; };
		3D06D9EB243B45A5003D0EB2 /* WaveViewController.swift in Sources */ = {isa = PBXBuildFile; fileRef = 3D06D9EA243B45A5003D0EB2 /* WaveViewController.swift */; };
		3D06D9EF243B582C003D0EB2 /* MusicPlayerControlApi.swift in Sources */ = {isa = PBXBuildFile; fileRef = 3D06D9EE243B582C003D0EB2 /* MusicPlayerControlApi.swift */; };
		3D0DAF96244981CE009ABF71 /* Notifications.swift in Sources */ = {isa = PBXBuildFile; fileRef = 3D0DAF95244981CE009ABF71 /* Notifications.swift */; };
		3D0DAFA324499249009ABF71 /* GoogleService-Info.plist in Resources */ = {isa = PBXBuildFile; fileRef = 3D0DAFA224499249009ABF71 /* GoogleService-Info.plist */; };
		3D0DAFA524499315009ABF71 /* GlobalReferences.swift in Sources */ = {isa = PBXBuildFile; fileRef = 3D0DAFA424499315009ABF71 /* GlobalReferences.swift */; };
		3D2C3CB524C3FA33005DC3B7 /* CustomPopUpBarViewController.swift in Sources */ = {isa = PBXBuildFile; fileRef = 3D2C3CB424C3FA33005DC3B7 /* CustomPopUpBarViewController.swift */; };
		3D2C3CB924C40BC4005DC3B7 /* HigherSearchBar.swift in Sources */ = {isa = PBXBuildFile; fileRef = 3D2C3CB824C40BC4005DC3B7 /* HigherSearchBar.swift */; };
		3D2D7D1E2455D0FE003C287C /* AppPrep.swift in Sources */ = {isa = PBXBuildFile; fileRef = 3D2D7D1D2455D0FE003C287C /* AppPrep.swift */; };
		3D2D7D212456AAEC003C287C /* MainPlayerViewController.swift in Sources */ = {isa = PBXBuildFile; fileRef = 3D2D7D202456AAEC003C287C /* MainPlayerViewController.swift */; };
		3D34A5BF243D35D200F07FF1 /* NowPlayingCell.swift in Sources */ = {isa = PBXBuildFile; fileRef = 3D34A5BD243D35D200F07FF1 /* NowPlayingCell.swift */; };
		3D34A5C0243D35D200F07FF1 /* NowPlayingCell.xib in Resources */ = {isa = PBXBuildFile; fileRef = 3D34A5BE243D35D200F07FF1 /* NowPlayingCell.xib */; };
		3D34A5CB243DC0F000F07FF1 /* SongVCCell.swift in Sources */ = {isa = PBXBuildFile; fileRef = 3D34A5C9243DC0F000F07FF1 /* SongVCCell.swift */; };
		3D34A5CC243DC0F000F07FF1 /* SongVCCell.xib in Resources */ = {isa = PBXBuildFile; fileRef = 3D34A5CA243DC0F000F07FF1 /* SongVCCell.xib */; };
		3D405388243BE78900F9B992 /* Extentions.swift in Sources */ = {isa = PBXBuildFile; fileRef = 3D405387243BE78900F9B992 /* Extentions.swift */; };
		3D40539F243C2E3700F9B992 /* MediaQueryApi.swift in Sources */ = {isa = PBXBuildFile; fileRef = 3D40539E243C2E3700F9B992 /* MediaQueryApi.swift */; };
		3D4053A5243C5C3200F9B992 /* SongListCell.swift in Sources */ = {isa = PBXBuildFile; fileRef = 3D4053A3243C5C3100F9B992 /* SongListCell.swift */; };
		3D4053A6243C5C3200F9B992 /* SongListCell.xib in Resources */ = {isa = PBXBuildFile; fileRef = 3D4053A4243C5C3100F9B992 /* SongListCell.xib */; };
		3D486D5024593C9D005181D6 /* MainPlayerCollectionViewCell.swift in Sources */ = {isa = PBXBuildFile; fileRef = 3D486D4E24593C9D005181D6 /* MainPlayerCollectionViewCell.swift */; };
		3D486D5124593C9D005181D6 /* MainPlayerCollectionViewCell.xib in Resources */ = {isa = PBXBuildFile; fileRef = 3D486D4F24593C9D005181D6 /* MainPlayerCollectionViewCell.xib */; };
		3D4A554F245C4392009D6A02 /* MainPlayerControls.swift in Sources */ = {isa = PBXBuildFile; fileRef = 3D4A554E245C4392009D6A02 /* MainPlayerControls.swift */; };
		3D4A5551245D8362009D6A02 /* Lyrics.swift in Sources */ = {isa = PBXBuildFile; fileRef = 3D4A5550245D8362009D6A02 /* Lyrics.swift */; };
		3D5432D4244C2BFE00FC7A4C /* CollectionTableViewCell.swift in Sources */ = {isa = PBXBuildFile; fileRef = 3D5432D2244C2BFE00FC7A4C /* CollectionTableViewCell.swift */; };
		3D5432D5244C2BFE00FC7A4C /* CollectionTableViewCell.xib in Resources */ = {isa = PBXBuildFile; fileRef = 3D5432D3244C2BFE00FC7A4C /* CollectionTableViewCell.xib */; };
		3D6FBEF0244131D200389BF4 /* Delegates.swift in Sources */ = {isa = PBXBuildFile; fileRef = 3D6FBEEF244131D200389BF4 /* Delegates.swift */; };
		3D6FBEF42441BBA200389BF4 /* PreviewViewController.swift in Sources */ = {isa = PBXBuildFile; fileRef = 3D6FBEF32441BBA100389BF4 /* PreviewViewController.swift */; };
		3D870C0A2449301F006BEF59 /* WaveMixes.swift in Sources */ = {isa = PBXBuildFile; fileRef = 3D870C092449301F006BEF59 /* WaveMixes.swift */; };
		3D892F462442830A001335E8 /* PlaylistResultViewController.swift in Sources */ = {isa = PBXBuildFile; fileRef = 3D892F452442830A001335E8 /* PlaylistResultViewController.swift */; };
		3D892F4924428317001335E8 /* AlbumResultViewController.swift in Sources */ = {isa = PBXBuildFile; fileRef = 3D892F4824428317001335E8 /* AlbumResultViewController.swift */; };
		3D892F4B24428325001335E8 /* SongResultViewController.swift in Sources */ = {isa = PBXBuildFile; fileRef = 3D892F4A24428325001335E8 /* SongResultViewController.swift */; };
		3D993E46244AF54F00C71B27 /* CustomTableViewCell.swift in Sources */ = {isa = PBXBuildFile; fileRef = 3D993E45244AF54E00C71B27 /* CustomTableViewCell.swift */; };
		3DC9022E2516029C0024885A /* LNPopupController in Frameworks */ = {isa = PBXBuildFile; productRef = 3DC9022D2516029C0024885A /* LNPopupController */; };
		3DC9022F2516029C0024885A /* LNPopupController in Embed Frameworks */ = {isa = PBXBuildFile; productRef = 3DC9022D2516029C0024885A /* LNPopupController */; settings = {ATTRIBUTES = (CodeSignOnCopy, ); }; };
		3DD45F5B2456E6A800C2182F /* Assets.xcassets in Resources */ = {isa = PBXBuildFile; fileRef = 3D06D9DF243B2262003D0EB2 /* Assets.xcassets */; };
		3DE9999824C63F950004D39A /* MyGradientView.swift in Sources */ = {isa = PBXBuildFile; fileRef = 3DE9999724C63F950004D39A /* MyGradientView.swift */; };
		3DFFFC7624C435AD007F1982 /* LibVCViewController.swift in Sources */ = {isa = PBXBuildFile; fileRef = 3DFFFC7524C435AD007F1982 /* LibVCViewController.swift */; };
		3DFFFC7924C45AEE007F1982 /* NewPlaylistViewController.swift in Sources */ = {isa = PBXBuildFile; fileRef = 3DFFFC7824C45AEE007F1982 /* NewPlaylistViewController.swift */; };
		99D3840B1B4D86F78516A3F6 /* Pods_WaveMP_WaveMPUITests.framework in Frameworks */ = {isa = PBXBuildFile; fileRef = CBBADF25E14717FEA501E0B5 /* Pods_WaveMP_WaveMPUITests.framework */; };
		CD343FA71862F6B43795F945 /* Pods_WaveMPTests.framework in Frameworks */ = {isa = PBXBuildFile; fileRef = D513C4B3D291348EF7D683C7 /* Pods_WaveMPTests.framework */; };
/* End PBXBuildFile section */

/* Begin PBXContainerItemProxy section */
		3D06D9BE243B0C94003D0EB2 /* PBXContainerItemProxy */ = {
			isa = PBXContainerItemProxy;
			containerPortal = 3D06D99F243B0C91003D0EB2 /* Project object */;
			proxyType = 1;
			remoteGlobalIDString = 3D06D9A6243B0C91003D0EB2;
			remoteInfo = WaveMP;
		};
		3D06D9C9243B0C94003D0EB2 /* PBXContainerItemProxy */ = {
			isa = PBXContainerItemProxy;
			containerPortal = 3D06D99F243B0C91003D0EB2 /* Project object */;
			proxyType = 1;
			remoteGlobalIDString = 3D06D9A6243B0C91003D0EB2;
			remoteInfo = WaveMP;
		};
/* End PBXContainerItemProxy section */

/* Begin PBXCopyFilesBuildPhase section */
		3D405392243C061C00F9B992 /* Embed Frameworks */ = {
			isa = PBXCopyFilesBuildPhase;
			buildActionMask = 2147483647;
			dstPath = "";
			dstSubfolderSpec = 10;
			files = (
				3DC9022F2516029C0024885A /* LNPopupController in Embed Frameworks */,
			);
			name = "Embed Frameworks";
			runOnlyForDeploymentPostprocessing = 0;
		};
/* End PBXCopyFilesBuildPhase section */

/* Begin PBXFileReference section */
		0957CA54783AA774597EEC04 /* Pods-WaveMP-WaveMPUITests.release.xcconfig */ = {isa = PBXFileReference; includeInIndex = 1; lastKnownFileType = text.xcconfig; name = "Pods-WaveMP-WaveMPUITests.release.xcconfig"; path = "Target Support Files/Pods-WaveMP-WaveMPUITests/Pods-WaveMP-WaveMPUITests.release.xcconfig"; sourceTree = "<group>"; };
		0E4375430E69F4E8DCF72527 /* Pods-WaveMP-WaveMPUITests.debug.xcconfig */ = {isa = PBXFileReference; includeInIndex = 1; lastKnownFileType = text.xcconfig; name = "Pods-WaveMP-WaveMPUITests.debug.xcconfig"; path = "Target Support Files/Pods-WaveMP-WaveMPUITests/Pods-WaveMP-WaveMPUITests.debug.xcconfig"; sourceTree = "<group>"; };
		3D03B2FE24451CCF00BC2CE1 /* CollectionViewCell.swift */ = {isa = PBXFileReference; lastKnownFileType = sourcecode.swift; path = CollectionViewCell.swift; sourceTree = "<group>"; };
		3D06D9A7243B0C91003D0EB2 /* WaveMP.app */ = {isa = PBXFileReference; explicitFileType = wrapper.application; includeInIndex = 0; path = WaveMP.app; sourceTree = BUILT_PRODUCTS_DIR; };
		3D06D9AA243B0C91003D0EB2 /* AppDelegate.swift */ = {isa = PBXFileReference; lastKnownFileType = sourcecode.swift; path = AppDelegate.swift; sourceTree = "<group>"; };
		3D06D9AC243B0C91003D0EB2 /* SceneDelegate.swift */ = {isa = PBXFileReference; lastKnownFileType = sourcecode.swift; path = SceneDelegate.swift; sourceTree = "<group>"; };
		3D06D9B1243B0C91003D0EB2 /* Base */ = {isa = PBXFileReference; lastKnownFileType = file.storyboard; name = Base; path = Base.lproj/Main.storyboard; sourceTree = "<group>"; };
		3D06D9B6243B0C94003D0EB2 /* Base */ = {isa = PBXFileReference; lastKnownFileType = file.storyboard; name = Base; path = Base.lproj/LaunchScreen.storyboard; sourceTree = "<group>"; };
		3D06D9B8243B0C94003D0EB2 /* Info.plist */ = {isa = PBXFileReference; lastKnownFileType = text.plist.xml; path = Info.plist; sourceTree = "<group>"; };
		3D06D9BD243B0C94003D0EB2 /* WaveMPTests.xctest */ = {isa = PBXFileReference; explicitFileType = wrapper.cfbundle; includeInIndex = 0; path = WaveMPTests.xctest; sourceTree = BUILT_PRODUCTS_DIR; };
		3D06D9C1243B0C94003D0EB2 /* WaveMPTests.swift */ = {isa = PBXFileReference; lastKnownFileType = sourcecode.swift; path = WaveMPTests.swift; sourceTree = "<group>"; };
		3D06D9C3243B0C94003D0EB2 /* Info.plist */ = {isa = PBXFileReference; lastKnownFileType = text.plist.xml; path = Info.plist; sourceTree = "<group>"; };
		3D06D9C8243B0C94003D0EB2 /* WaveMPUITests.xctest */ = {isa = PBXFileReference; explicitFileType = wrapper.cfbundle; includeInIndex = 0; path = WaveMPUITests.xctest; sourceTree = BUILT_PRODUCTS_DIR; };
		3D06D9CC243B0C94003D0EB2 /* WaveMPUITests.swift */ = {isa = PBXFileReference; lastKnownFileType = sourcecode.swift; path = WaveMPUITests.swift; sourceTree = "<group>"; };
		3D06D9CE243B0C94003D0EB2 /* Info.plist */ = {isa = PBXFileReference; lastKnownFileType = text.plist.xml; path = Info.plist; sourceTree = "<group>"; };
		3D06D9DD243B1669003D0EB2 /* HomeViewController.swift */ = {isa = PBXFileReference; lastKnownFileType = sourcecode.swift; path = HomeViewController.swift; sourceTree = "<group>"; };
		3D06D9DF243B2262003D0EB2 /* Assets.xcassets */ = {isa = PBXFileReference; lastKnownFileType = folder.assetcatalog; path = Assets.xcassets; sourceTree = "<group>"; };
		3D06D9E2243B2D2B003D0EB2 /* UserPermission.swift */ = {isa = PBXFileReference; lastKnownFileType = sourcecode.swift; path = UserPermission.swift; sourceTree = "<group>"; };
		3D06D9E8243B2F05003D0EB2 /* MiniPlayer.swift */ = {isa = PBXFileReference; lastKnownFileType = sourcecode.swift; path = MiniPlayer.swift; sourceTree = "<group>"; };
		3D06D9EA243B45A5003D0EB2 /* WaveViewController.swift */ = {isa = PBXFileReference; lastKnownFileType = sourcecode.swift; path = WaveViewController.swift; sourceTree = "<group>"; };
		3D06D9EE243B582C003D0EB2 /* MusicPlayerControlApi.swift */ = {isa = PBXFileReference; lastKnownFileType = sourcecode.swift; path = MusicPlayerControlApi.swift; sourceTree = "<group>"; };
		3D0DAF95244981CE009ABF71 /* Notifications.swift */ = {isa = PBXFileReference; lastKnownFileType = sourcecode.swift; path = Notifications.swift; sourceTree = "<group>"; };
		3D0DAFA224499249009ABF71 /* GoogleService-Info.plist */ = {isa = PBXFileReference; fileEncoding = 4; lastKnownFileType = text.plist.xml; path = "GoogleService-Info.plist"; sourceTree = "<group>"; };
		3D0DAFA424499315009ABF71 /* GlobalReferences.swift */ = {isa = PBXFileReference; lastKnownFileType = sourcecode.swift; path = GlobalReferences.swift; sourceTree = "<group>"; };
		3D2C3CB424C3FA33005DC3B7 /* CustomPopUpBarViewController.swift */ = {isa = PBXFileReference; lastKnownFileType = sourcecode.swift; path = CustomPopUpBarViewController.swift; sourceTree = "<group>"; };
		3D2C3CB824C40BC4005DC3B7 /* HigherSearchBar.swift */ = {isa = PBXFileReference; lastKnownFileType = sourcecode.swift; path = HigherSearchBar.swift; sourceTree = "<group>"; };
		3D2D7D1D2455D0FE003C287C /* AppPrep.swift */ = {isa = PBXFileReference; lastKnownFileType = sourcecode.swift; path = AppPrep.swift; sourceTree = "<group>"; };
		3D2D7D202456AAEC003C287C /* MainPlayerViewController.swift */ = {isa = PBXFileReference; lastKnownFileType = sourcecode.swift; path = MainPlayerViewController.swift; sourceTree = "<group>"; };
		3D34A5BD243D35D200F07FF1 /* NowPlayingCell.swift */ = {isa = PBXFileReference; lastKnownFileType = sourcecode.swift; path = NowPlayingCell.swift; sourceTree = "<group>"; };
		3D34A5BE243D35D200F07FF1 /* NowPlayingCell.xib */ = {isa = PBXFileReference; lastKnownFileType = file.xib; path = NowPlayingCell.xib; sourceTree = "<group>"; };
		3D34A5C9243DC0F000F07FF1 /* SongVCCell.swift */ = {isa = PBXFileReference; lastKnownFileType = sourcecode.swift; path = SongVCCell.swift; sourceTree = "<group>"; };
		3D34A5CA243DC0F000F07FF1 /* SongVCCell.xib */ = {isa = PBXFileReference; lastKnownFileType = file.xib; path = SongVCCell.xib; sourceTree = "<group>"; };
		3D405387243BE78900F9B992 /* Extentions.swift */ = {isa = PBXFileReference; lastKnownFileType = sourcecode.swift; path = Extentions.swift; sourceTree = "<group>"; };
		3D40539E243C2E3700F9B992 /* MediaQueryApi.swift */ = {isa = PBXFileReference; lastKnownFileType = sourcecode.swift; path = MediaQueryApi.swift; sourceTree = "<group>"; };
		3D4053A3243C5C3100F9B992 /* SongListCell.swift */ = {isa = PBXFileReference; lastKnownFileType = sourcecode.swift; path = SongListCell.swift; sourceTree = "<group>"; };
		3D4053A4243C5C3100F9B992 /* SongListCell.xib */ = {isa = PBXFileReference; lastKnownFileType = file.xib; path = SongListCell.xib; sourceTree = "<group>"; };
		3D486D4E24593C9D005181D6 /* MainPlayerCollectionViewCell.swift */ = {isa = PBXFileReference; lastKnownFileType = sourcecode.swift; path = MainPlayerCollectionViewCell.swift; sourceTree = "<group>"; };
		3D486D4F24593C9D005181D6 /* MainPlayerCollectionViewCell.xib */ = {isa = PBXFileReference; lastKnownFileType = file.xib; path = MainPlayerCollectionViewCell.xib; sourceTree = "<group>"; };
		3D4A554E245C4392009D6A02 /* MainPlayerControls.swift */ = {isa = PBXFileReference; lastKnownFileType = sourcecode.swift; path = MainPlayerControls.swift; sourceTree = "<group>"; };
		3D4A5550245D8362009D6A02 /* Lyrics.swift */ = {isa = PBXFileReference; lastKnownFileType = sourcecode.swift; path = Lyrics.swift; sourceTree = "<group>"; };
		3D5432D2244C2BFE00FC7A4C /* CollectionTableViewCell.swift */ = {isa = PBXFileReference; lastKnownFileType = sourcecode.swift; path = CollectionTableViewCell.swift; sourceTree = "<group>"; };
		3D5432D3244C2BFE00FC7A4C /* CollectionTableViewCell.xib */ = {isa = PBXFileReference; lastKnownFileType = file.xib; path = CollectionTableViewCell.xib; sourceTree = "<group>"; };
		3D6FBEEF244131D200389BF4 /* Delegates.swift */ = {isa = PBXFileReference; lastKnownFileType = sourcecode.swift; path = Delegates.swift; sourceTree = "<group>"; };
		3D6FBEF32441BBA100389BF4 /* PreviewViewController.swift */ = {isa = PBXFileReference; lastKnownFileType = sourcecode.swift; path = PreviewViewController.swift; sourceTree = "<group>"; };
		3D870C092449301F006BEF59 /* WaveMixes.swift */ = {isa = PBXFileReference; lastKnownFileType = sourcecode.swift; path = WaveMixes.swift; sourceTree = "<group>"; };
		3D892F452442830A001335E8 /* PlaylistResultViewController.swift */ = {isa = PBXFileReference; lastKnownFileType = sourcecode.swift; path = PlaylistResultViewController.swift; sourceTree = "<group>"; };
		3D892F4824428317001335E8 /* AlbumResultViewController.swift */ = {isa = PBXFileReference; lastKnownFileType = sourcecode.swift; path = AlbumResultViewController.swift; sourceTree = "<group>"; };
		3D892F4A24428325001335E8 /* SongResultViewController.swift */ = {isa = PBXFileReference; lastKnownFileType = sourcecode.swift; path = SongResultViewController.swift; sourceTree = "<group>"; };
		3D993E45244AF54E00C71B27 /* CustomTableViewCell.swift */ = {isa = PBXFileReference; lastKnownFileType = sourcecode.swift; path = CustomTableViewCell.swift; sourceTree = "<group>"; };
		3DE9999724C63F950004D39A /* MyGradientView.swift */ = {isa = PBXFileReference; lastKnownFileType = sourcecode.swift; path = MyGradientView.swift; sourceTree = "<group>"; };
		3DFFFC7524C435AD007F1982 /* LibVCViewController.swift */ = {isa = PBXFileReference; lastKnownFileType = sourcecode.swift; path = LibVCViewController.swift; sourceTree = "<group>"; };
		3DFFFC7824C45AEE007F1982 /* NewPlaylistViewController.swift */ = {isa = PBXFileReference; lastKnownFileType = sourcecode.swift; path = NewPlaylistViewController.swift; sourceTree = "<group>"; };
		69EA758BD4ACF6C993463B9F /* Pods-WaveMP.release.xcconfig */ = {isa = PBXFileReference; includeInIndex = 1; lastKnownFileType = text.xcconfig; name = "Pods-WaveMP.release.xcconfig"; path = "Target Support Files/Pods-WaveMP/Pods-WaveMP.release.xcconfig"; sourceTree = "<group>"; };
		83FC797A1717C604413230C9 /* Pods-WaveMP.debug.xcconfig */ = {isa = PBXFileReference; includeInIndex = 1; lastKnownFileType = text.xcconfig; name = "Pods-WaveMP.debug.xcconfig"; path = "Target Support Files/Pods-WaveMP/Pods-WaveMP.debug.xcconfig"; sourceTree = "<group>"; };
		97AB8EA354E76EB3AFEA3A5F /* Pods-WaveMPTests.debug.xcconfig */ = {isa = PBXFileReference; includeInIndex = 1; lastKnownFileType = text.xcconfig; name = "Pods-WaveMPTests.debug.xcconfig"; path = "Target Support Files/Pods-WaveMPTests/Pods-WaveMPTests.debug.xcconfig"; sourceTree = "<group>"; };
		CBBADF25E14717FEA501E0B5 /* Pods_WaveMP_WaveMPUITests.framework */ = {isa = PBXFileReference; explicitFileType = wrapper.framework; includeInIndex = 0; path = Pods_WaveMP_WaveMPUITests.framework; sourceTree = BUILT_PRODUCTS_DIR; };
		D513C4B3D291348EF7D683C7 /* Pods_WaveMPTests.framework */ = {isa = PBXFileReference; explicitFileType = wrapper.framework; includeInIndex = 0; path = Pods_WaveMPTests.framework; sourceTree = BUILT_PRODUCTS_DIR; };
		F0797F00B07C52E83E76C644 /* Pods_WaveMP.framework */ = {isa = PBXFileReference; explicitFileType = wrapper.framework; includeInIndex = 0; path = Pods_WaveMP.framework; sourceTree = BUILT_PRODUCTS_DIR; };
		F779C9E8F80A772B44705D82 /* Pods-WaveMPTests.release.xcconfig */ = {isa = PBXFileReference; includeInIndex = 1; lastKnownFileType = text.xcconfig; name = "Pods-WaveMPTests.release.xcconfig"; path = "Target Support Files/Pods-WaveMPTests/Pods-WaveMPTests.release.xcconfig"; sourceTree = "<group>"; };
/* End PBXFileReference section */

/* Begin PBXFrameworksBuildPhase section */
		3D06D9A4243B0C91003D0EB2 /* Frameworks */ = {
			isa = PBXFrameworksBuildPhase;
			buildActionMask = 2147483647;
			files = (
				1C3E4872F717364014A32221 /* Pods_WaveMP.framework in Frameworks */,
				3DC9022E2516029C0024885A /* LNPopupController in Frameworks */,
			);
			runOnlyForDeploymentPostprocessing = 0;
		};
		3D06D9BA243B0C94003D0EB2 /* Frameworks */ = {
			isa = PBXFrameworksBuildPhase;
			buildActionMask = 2147483647;
			files = (
				CD343FA71862F6B43795F945 /* Pods_WaveMPTests.framework in Frameworks */,
			);
			runOnlyForDeploymentPostprocessing = 0;
		};
		3D06D9C5243B0C94003D0EB2 /* Frameworks */ = {
			isa = PBXFrameworksBuildPhase;
			buildActionMask = 2147483647;
			files = (
				99D3840B1B4D86F78516A3F6 /* Pods_WaveMP_WaveMPUITests.framework in Frameworks */,
			);
			runOnlyForDeploymentPostprocessing = 0;
		};
/* End PBXFrameworksBuildPhase section */

/* Begin PBXGroup section */
		3D06D99E243B0C91003D0EB2 = {
			isa = PBXGroup;
			children = (
				3D0DAFA224499249009ABF71 /* GoogleService-Info.plist */,
				3D06D9A9243B0C91003D0EB2 /* WaveMP */,
				3D06D9C0243B0C94003D0EB2 /* WaveMPTests */,
				3D06D9CB243B0C94003D0EB2 /* WaveMPUITests */,
				3D06D9A8243B0C91003D0EB2 /* Products */,
				685EFC808B829EC7DAF41DCF /* Pods */,
				EECF40CA8C9BB5C965682F92 /* Frameworks */,
			);
			sourceTree = "<group>";
		};
		3D06D9A8243B0C91003D0EB2 /* Products */ = {
			isa = PBXGroup;
			children = (
				3D06D9A7243B0C91003D0EB2 /* WaveMP.app */,
				3D06D9BD243B0C94003D0EB2 /* WaveMPTests.xctest */,
				3D06D9C8243B0C94003D0EB2 /* WaveMPUITests.xctest */,
			);
			name = Products;
			sourceTree = "<group>";
		};
		3D06D9A9243B0C91003D0EB2 /* WaveMP */ = {
			isa = PBXGroup;
			children = (
				3D06D9E1243B2ACE003D0EB2 /* Classes */,
				3D06D9DC243B0F02003D0EB2 /* API */,
				3D06D9AA243B0C91003D0EB2 /* AppDelegate.swift */,
				3D06D9AC243B0C91003D0EB2 /* SceneDelegate.swift */,
				3D06D9DB243B0D23003D0EB2 /* Views */,
				3D06D9DA243B0D04003D0EB2 /* Storyboards */,
				3D06D9DF243B2262003D0EB2 /* Assets.xcassets */,
				3D06D9B8243B0C94003D0EB2 /* Info.plist */,
			);
			path = WaveMP;
			sourceTree = "<group>";
		};
		3D06D9C0243B0C94003D0EB2 /* WaveMPTests */ = {
			isa = PBXGroup;
			children = (
				3D06D9C1243B0C94003D0EB2 /* WaveMPTests.swift */,
				3D06D9C3243B0C94003D0EB2 /* Info.plist */,
			);
			path = WaveMPTests;
			sourceTree = "<group>";
		};
		3D06D9CB243B0C94003D0EB2 /* WaveMPUITests */ = {
			isa = PBXGroup;
			children = (
				3D06D9CC243B0C94003D0EB2 /* WaveMPUITests.swift */,
				3D06D9CE243B0C94003D0EB2 /* Info.plist */,
			);
			path = WaveMPUITests;
			sourceTree = "<group>";
		};
		3D06D9DA243B0D04003D0EB2 /* Storyboards */ = {
			isa = PBXGroup;
			children = (
				3D06D9B0243B0C91003D0EB2 /* Main.storyboard */,
				3D06D9B5243B0C94003D0EB2 /* LaunchScreen.storyboard */,
			);
			path = Storyboards;
			sourceTree = "<group>";
		};
		3D06D9DB243B0D23003D0EB2 /* Views */ = {
			isa = PBXGroup;
			children = (
				3D06D9DD243B1669003D0EB2 /* HomeViewController.swift */,
				3D06D9EA243B45A5003D0EB2 /* WaveViewController.swift */,
				3D2D7D202456AAEC003C287C /* MainPlayerViewController.swift */,
				3D6FBEF32441BBA100389BF4 /* PreviewViewController.swift */,
				3D892F452442830A001335E8 /* PlaylistResultViewController.swift */,
				3D892F4824428317001335E8 /* AlbumResultViewController.swift */,
				3D892F4A24428325001335E8 /* SongResultViewController.swift */,
				3D2C3CB424C3FA33005DC3B7 /* CustomPopUpBarViewController.swift */,
				3DFFFC7524C435AD007F1982 /* LibVCViewController.swift */,
				3DFFFC7824C45AEE007F1982 /* NewPlaylistViewController.swift */,
			);
			path = Views;
			sourceTree = "<group>";
		};
		3D06D9DC243B0F02003D0EB2 /* API */ = {
			isa = PBXGroup;
			children = (
				3D06D9EE243B582C003D0EB2 /* MusicPlayerControlApi.swift */,
				3D40539E243C2E3700F9B992 /* MediaQueryApi.swift */,
				3D0DAFA424499315009ABF71 /* GlobalReferences.swift */,
			);
			path = API;
			sourceTree = "<group>";
		};
		3D06D9E1243B2ACE003D0EB2 /* Classes */ = {
			isa = PBXGroup;
			children = (
				3D06D9E2243B2D2B003D0EB2 /* UserPermission.swift */,
				3D405387243BE78900F9B992 /* Extentions.swift */,
				3D6FBEEF244131D200389BF4 /* Delegates.swift */,
				3D06D9E8243B2F05003D0EB2 /* MiniPlayer.swift */,
				3D4A554E245C4392009D6A02 /* MainPlayerControls.swift */,
				3D4053A3243C5C3100F9B992 /* SongListCell.swift */,
				3D4053A4243C5C3100F9B992 /* SongListCell.xib */,
				3D34A5BD243D35D200F07FF1 /* NowPlayingCell.swift */,
				3D34A5BE243D35D200F07FF1 /* NowPlayingCell.xib */,
				3D34A5C9243DC0F000F07FF1 /* SongVCCell.swift */,
				3D34A5CA243DC0F000F07FF1 /* SongVCCell.xib */,
				3D03B2FE24451CCF00BC2CE1 /* CollectionViewCell.swift */,
				3D993E45244AF54E00C71B27 /* CustomTableViewCell.swift */,
				3D870C092449301F006BEF59 /* WaveMixes.swift */,
				3D0DAF95244981CE009ABF71 /* Notifications.swift */,
				3D5432D2244C2BFE00FC7A4C /* CollectionTableViewCell.swift */,
				3D5432D3244C2BFE00FC7A4C /* CollectionTableViewCell.xib */,
				3D2D7D1D2455D0FE003C287C /* AppPrep.swift */,
				3D486D4E24593C9D005181D6 /* MainPlayerCollectionViewCell.swift */,
				3D486D4F24593C9D005181D6 /* MainPlayerCollectionViewCell.xib */,
				3D4A5550245D8362009D6A02 /* Lyrics.swift */,
				3D2C3CB824C40BC4005DC3B7 /* HigherSearchBar.swift */,
				3DE9999724C63F950004D39A /* MyGradientView.swift */,
			);
			path = Classes;
			sourceTree = "<group>";
		};
		685EFC808B829EC7DAF41DCF /* Pods */ = {
			isa = PBXGroup;
			children = (
				83FC797A1717C604413230C9 /* Pods-WaveMP.debug.xcconfig */,
				69EA758BD4ACF6C993463B9F /* Pods-WaveMP.release.xcconfig */,
				0E4375430E69F4E8DCF72527 /* Pods-WaveMP-WaveMPUITests.debug.xcconfig */,
				0957CA54783AA774597EEC04 /* Pods-WaveMP-WaveMPUITests.release.xcconfig */,
				97AB8EA354E76EB3AFEA3A5F /* Pods-WaveMPTests.debug.xcconfig */,
				F779C9E8F80A772B44705D82 /* Pods-WaveMPTests.release.xcconfig */,
			);
			path = Pods;
			sourceTree = "<group>";
		};
		EECF40CA8C9BB5C965682F92 /* Frameworks */ = {
			isa = PBXGroup;
			children = (
				F0797F00B07C52E83E76C644 /* Pods_WaveMP.framework */,
				CBBADF25E14717FEA501E0B5 /* Pods_WaveMP_WaveMPUITests.framework */,
				D513C4B3D291348EF7D683C7 /* Pods_WaveMPTests.framework */,
			);
			name = Frameworks;
			sourceTree = "<group>";
		};
/* End PBXGroup section */

/* Begin PBXNativeTarget section */
		3D06D9A6243B0C91003D0EB2 /* WaveMP */ = {
			isa = PBXNativeTarget;
			buildConfigurationList = 3D06D9D1243B0C94003D0EB2 /* Build configuration list for PBXNativeTarget "WaveMP" */;
			buildPhases = (
				C87DB87649E3FC38907F98A4 /* [CP] Check Pods Manifest.lock */,
				3D06D9A3243B0C91003D0EB2 /* Sources */,
				3D06D9A4243B0C91003D0EB2 /* Frameworks */,
				3D06D9A5243B0C91003D0EB2 /* Resources */,
				3D405392243C061C00F9B992 /* Embed Frameworks */,
				07BB9A1C92B3D61AB19AB4EB /* [CP] Embed Pods Frameworks */,
			);
			buildRules = (
			);
			dependencies = (
			);
			name = WaveMP;
			packageProductDependencies = (
				3DC9022D2516029C0024885A /* LNPopupController */,
			);
			productName = WaveMP;
			productReference = 3D06D9A7243B0C91003D0EB2 /* WaveMP.app */;
			productType = "com.apple.product-type.application";
		};
		3D06D9BC243B0C94003D0EB2 /* WaveMPTests */ = {
			isa = PBXNativeTarget;
			buildConfigurationList = 3D06D9D4243B0C94003D0EB2 /* Build configuration list for PBXNativeTarget "WaveMPTests" */;
			buildPhases = (
				5CA2005F08095E4A70771C26 /* [CP] Check Pods Manifest.lock */,
				3D06D9B9243B0C94003D0EB2 /* Sources */,
				3D06D9BA243B0C94003D0EB2 /* Frameworks */,
				3D06D9BB243B0C94003D0EB2 /* Resources */,
			);
			buildRules = (
			);
			dependencies = (
				3D06D9BF243B0C94003D0EB2 /* PBXTargetDependency */,
			);
			name = WaveMPTests;
			productName = WaveMPTests;
			productReference = 3D06D9BD243B0C94003D0EB2 /* WaveMPTests.xctest */;
			productType = "com.apple.product-type.bundle.unit-test";
		};
		3D06D9C7243B0C94003D0EB2 /* WaveMPUITests */ = {
			isa = PBXNativeTarget;
			buildConfigurationList = 3D06D9D7243B0C94003D0EB2 /* Build configuration list for PBXNativeTarget "WaveMPUITests" */;
			buildPhases = (
				1A49F300049306F6F557CBBB /* [CP] Check Pods Manifest.lock */,
				3D06D9C4243B0C94003D0EB2 /* Sources */,
				3D06D9C5243B0C94003D0EB2 /* Frameworks */,
				3D06D9C6243B0C94003D0EB2 /* Resources */,
				DB77944AAC554307305737D4 /* [CP] Embed Pods Frameworks */,
			);
			buildRules = (
			);
			dependencies = (
				3D06D9CA243B0C94003D0EB2 /* PBXTargetDependency */,
			);
			name = WaveMPUITests;
			productName = WaveMPUITests;
			productReference = 3D06D9C8243B0C94003D0EB2 /* WaveMPUITests.xctest */;
			productType = "com.apple.product-type.bundle.ui-testing";
		};
/* End PBXNativeTarget section */

/* Begin PBXProject section */
		3D06D99F243B0C91003D0EB2 /* Project object */ = {
			isa = PBXProject;
			attributes = {
				LastSwiftUpdateCheck = 1140;
				LastUpgradeCheck = 1200;
				ORGANIZATIONNAME = "Samuel Tsokwa";
				TargetAttributes = {
					3D06D9A6243B0C91003D0EB2 = {
						CreatedOnToolsVersion = 11.4;
					};
					3D06D9BC243B0C94003D0EB2 = {
						CreatedOnToolsVersion = 11.4;
						TestTargetID = 3D06D9A6243B0C91003D0EB2;
					};
					3D06D9C7243B0C94003D0EB2 = {
						CreatedOnToolsVersion = 11.4;
						TestTargetID = 3D06D9A6243B0C91003D0EB2;
					};
				};
			};
			buildConfigurationList = 3D06D9A2243B0C91003D0EB2 /* Build configuration list for PBXProject "WaveMP" */;
			compatibilityVersion = "Xcode 9.3";
			developmentRegion = en;
			hasScannedForEncodings = 0;
			knownRegions = (
				en,
				Base,
			);
			mainGroup = 3D06D99E243B0C91003D0EB2;
			packageReferences = (
				3DC90228251601D00024885A /* XCRemoteSwiftPackageReference "LNPopupController" */,
			);
			productRefGroup = 3D06D9A8243B0C91003D0EB2 /* Products */;
			projectDirPath = "";
			projectRoot = "";
			targets = (
				3D06D9A6243B0C91003D0EB2 /* WaveMP */,
				3D06D9BC243B0C94003D0EB2 /* WaveMPTests */,
				3D06D9C7243B0C94003D0EB2 /* WaveMPUITests */,
			);
		};
/* End PBXProject section */

/* Begin PBXResourcesBuildPhase section */
		3D06D9A5243B0C91003D0EB2 /* Resources */ = {
			isa = PBXResourcesBuildPhase;
			buildActionMask = 2147483647;
			files = (
				3DD45F5B2456E6A800C2182F /* Assets.xcassets in Resources */,
				3D4053A6243C5C3200F9B992 /* SongListCell.xib in Resources */,
				3D34A5CC243DC0F000F07FF1 /* SongVCCell.xib in Resources */,
				3D06D9B7243B0C94003D0EB2 /* LaunchScreen.storyboard in Resources */,
				3D5432D5244C2BFE00FC7A4C /* CollectionTableViewCell.xib in Resources */,
				3D06D9B2243B0C91003D0EB2 /* Main.storyboard in Resources */,
				3D34A5C0243D35D200F07FF1 /* NowPlayingCell.xib in Resources */,
				3D0DAFA324499249009ABF71 /* GoogleService-Info.plist in Resources */,
				3D486D5124593C9D005181D6 /* MainPlayerCollectionViewCell.xib in Resources */,
			);
			runOnlyForDeploymentPostprocessing = 0;
		};
		3D06D9BB243B0C94003D0EB2 /* Resources */ = {
			isa = PBXResourcesBuildPhase;
			buildActionMask = 2147483647;
			files = (
			);
			runOnlyForDeploymentPostprocessing = 0;
		};
		3D06D9C6243B0C94003D0EB2 /* Resources */ = {
			isa = PBXResourcesBuildPhase;
			buildActionMask = 2147483647;
			files = (
			);
			runOnlyForDeploymentPostprocessing = 0;
		};
/* End PBXResourcesBuildPhase section */

/* Begin PBXShellScriptBuildPhase section */
		07BB9A1C92B3D61AB19AB4EB /* [CP] Embed Pods Frameworks */ = {
			isa = PBXShellScriptBuildPhase;
			buildActionMask = 2147483647;
			files = (
			);
			inputFileListPaths = (
				"${PODS_ROOT}/Target Support Files/Pods-WaveMP/Pods-WaveMP-frameworks-${CONFIGURATION}-input-files.xcfilelist",
			);
			name = "[CP] Embed Pods Frameworks";
			outputFileListPaths = (
				"${PODS_ROOT}/Target Support Files/Pods-WaveMP/Pods-WaveMP-frameworks-${CONFIGURATION}-output-files.xcfilelist",
			);
			runOnlyForDeploymentPostprocessing = 0;
			shellPath = /bin/sh;
			shellScript = "\"${PODS_ROOT}/Target Support Files/Pods-WaveMP/Pods-WaveMP-frameworks.sh\"\n";
			showEnvVarsInLog = 0;
		};
		1A49F300049306F6F557CBBB /* [CP] Check Pods Manifest.lock */ = {
			isa = PBXShellScriptBuildPhase;
			buildActionMask = 2147483647;
			files = (
			);
			inputFileListPaths = (
			);
			inputPaths = (
				"${PODS_PODFILE_DIR_PATH}/Podfile.lock",
				"${PODS_ROOT}/Manifest.lock",
			);
			name = "[CP] Check Pods Manifest.lock";
			outputFileListPaths = (
			);
			outputPaths = (
				"$(DERIVED_FILE_DIR)/Pods-WaveMP-WaveMPUITests-checkManifestLockResult.txt",
			);
			runOnlyForDeploymentPostprocessing = 0;
			shellPath = /bin/sh;
			shellScript = "diff \"${PODS_PODFILE_DIR_PATH}/Podfile.lock\" \"${PODS_ROOT}/Manifest.lock\" > /dev/null\nif [ $? != 0 ] ; then\n    # print error to STDERR\n    echo \"error: The sandbox is not in sync with the Podfile.lock. Run 'pod install' or update your CocoaPods installation.\" >&2\n    exit 1\nfi\n# This output is used by Xcode 'outputs' to avoid re-running this script phase.\necho \"SUCCESS\" > \"${SCRIPT_OUTPUT_FILE_0}\"\n";
			showEnvVarsInLog = 0;
		};
		5CA2005F08095E4A70771C26 /* [CP] Check Pods Manifest.lock */ = {
			isa = PBXShellScriptBuildPhase;
			buildActionMask = 2147483647;
			files = (
			);
			inputFileListPaths = (
			);
			inputPaths = (
				"${PODS_PODFILE_DIR_PATH}/Podfile.lock",
				"${PODS_ROOT}/Manifest.lock",
			);
			name = "[CP] Check Pods Manifest.lock";
			outputFileListPaths = (
			);
			outputPaths = (
				"$(DERIVED_FILE_DIR)/Pods-WaveMPTests-checkManifestLockResult.txt",
			);
			runOnlyForDeploymentPostprocessing = 0;
			shellPath = /bin/sh;
			shellScript = "diff \"${PODS_PODFILE_DIR_PATH}/Podfile.lock\" \"${PODS_ROOT}/Manifest.lock\" > /dev/null\nif [ $? != 0 ] ; then\n    # print error to STDERR\n    echo \"error: The sandbox is not in sync with the Podfile.lock. Run 'pod install' or update your CocoaPods installation.\" >&2\n    exit 1\nfi\n# This output is used by Xcode 'outputs' to avoid re-running this script phase.\necho \"SUCCESS\" > \"${SCRIPT_OUTPUT_FILE_0}\"\n";
			showEnvVarsInLog = 0;
		};
		C87DB87649E3FC38907F98A4 /* [CP] Check Pods Manifest.lock */ = {
			isa = PBXShellScriptBuildPhase;
			buildActionMask = 2147483647;
			files = (
			);
			inputFileListPaths = (
			);
			inputPaths = (
				"${PODS_PODFILE_DIR_PATH}/Podfile.lock",
				"${PODS_ROOT}/Manifest.lock",
			);
			name = "[CP] Check Pods Manifest.lock";
			outputFileListPaths = (
			);
			outputPaths = (
				"$(DERIVED_FILE_DIR)/Pods-WaveMP-checkManifestLockResult.txt",
			);
			runOnlyForDeploymentPostprocessing = 0;
			shellPath = /bin/sh;
			shellScript = "diff \"${PODS_PODFILE_DIR_PATH}/Podfile.lock\" \"${PODS_ROOT}/Manifest.lock\" > /dev/null\nif [ $? != 0 ] ; then\n    # print error to STDERR\n    echo \"error: The sandbox is not in sync with the Podfile.lock. Run 'pod install' or update your CocoaPods installation.\" >&2\n    exit 1\nfi\n# This output is used by Xcode 'outputs' to avoid re-running this script phase.\necho \"SUCCESS\" > \"${SCRIPT_OUTPUT_FILE_0}\"\n";
			showEnvVarsInLog = 0;
		};
		DB77944AAC554307305737D4 /* [CP] Embed Pods Frameworks */ = {
			isa = PBXShellScriptBuildPhase;
			buildActionMask = 2147483647;
			files = (
			);
			inputFileListPaths = (
				"${PODS_ROOT}/Target Support Files/Pods-WaveMP-WaveMPUITests/Pods-WaveMP-WaveMPUITests-frameworks-${CONFIGURATION}-input-files.xcfilelist",
			);
			name = "[CP] Embed Pods Frameworks";
			outputFileListPaths = (
				"${PODS_ROOT}/Target Support Files/Pods-WaveMP-WaveMPUITests/Pods-WaveMP-WaveMPUITests-frameworks-${CONFIGURATION}-output-files.xcfilelist",
			);
			runOnlyForDeploymentPostprocessing = 0;
			shellPath = /bin/sh;
			shellScript = "\"${PODS_ROOT}/Target Support Files/Pods-WaveMP-WaveMPUITests/Pods-WaveMP-WaveMPUITests-frameworks.sh\"\n";
			showEnvVarsInLog = 0;
		};
/* End PBXShellScriptBuildPhase section */

/* Begin PBXSourcesBuildPhase section */
		3D06D9A3243B0C91003D0EB2 /* Sources */ = {
			isa = PBXSourcesBuildPhase;
			buildActionMask = 2147483647;
			files = (
				3D06D9AB243B0C91003D0EB2 /* AppDelegate.swift in Sources */,
				3D892F4924428317001335E8 /* AlbumResultViewController.swift in Sources */,
				3D0DAF96244981CE009ABF71 /* Notifications.swift in Sources */,
				3D4A5551245D8362009D6A02 /* Lyrics.swift in Sources */,
				3DE9999824C63F950004D39A /* MyGradientView.swift in Sources */,
				3D870C0A2449301F006BEF59 /* WaveMixes.swift in Sources */,
				3D03B2FF24451CCF00BC2CE1 /* CollectionViewCell.swift in Sources */,
				3DFFFC7624C435AD007F1982 /* LibVCViewController.swift in Sources */,
				3D6FBEF42441BBA200389BF4 /* PreviewViewController.swift in Sources */,
				3D4A554F245C4392009D6A02 /* MainPlayerControls.swift in Sources */,
				3D06D9AD243B0C91003D0EB2 /* SceneDelegate.swift in Sources */,
				3D06D9DE243B1669003D0EB2 /* HomeViewController.swift in Sources */,
				3D34A5BF243D35D200F07FF1 /* NowPlayingCell.swift in Sources */,
				3D892F462442830A001335E8 /* PlaylistResultViewController.swift in Sources */,
				3D2D7D212456AAEC003C287C /* MainPlayerViewController.swift in Sources */,
				3D486D5024593C9D005181D6 /* MainPlayerCollectionViewCell.swift in Sources */,
				3D6FBEF0244131D200389BF4 /* Delegates.swift in Sources */,
				3DFFFC7924C45AEE007F1982 /* NewPlaylistViewController.swift in Sources */,
				3D06D9E9243B2F05003D0EB2 /* MiniPlayer.swift in Sources */,
				3D892F4B24428325001335E8 /* SongResultViewController.swift in Sources */,
				3D40539F243C2E3700F9B992 /* MediaQueryApi.swift in Sources */,
				3D06D9E3243B2D2B003D0EB2 /* UserPermission.swift in Sources */,
				3D2C3CB524C3FA33005DC3B7 /* CustomPopUpBarViewController.swift in Sources */,
				3D34A5CB243DC0F000F07FF1 /* SongVCCell.swift in Sources */,
				3D06D9EB243B45A5003D0EB2 /* WaveViewController.swift in Sources */,
				3D4053A5243C5C3200F9B992 /* SongListCell.swift in Sources */,
				3D2D7D1E2455D0FE003C287C /* AppPrep.swift in Sources */,
				3D0DAFA524499315009ABF71 /* GlobalReferences.swift in Sources */,
				3D2C3CB924C40BC4005DC3B7 /* HigherSearchBar.swift in Sources */,
				3D5432D4244C2BFE00FC7A4C /* CollectionTableViewCell.swift in Sources */,
				3D06D9EF243B582C003D0EB2 /* MusicPlayerControlApi.swift in Sources */,
				3D405388243BE78900F9B992 /* Extentions.swift in Sources */,
				3D993E46244AF54F00C71B27 /* CustomTableViewCell.swift in Sources */,
			);
			runOnlyForDeploymentPostprocessing = 0;
		};
		3D06D9B9243B0C94003D0EB2 /* Sources */ = {
			isa = PBXSourcesBuildPhase;
			buildActionMask = 2147483647;
			files = (
				3D06D9C2243B0C94003D0EB2 /* WaveMPTests.swift in Sources */,
			);
			runOnlyForDeploymentPostprocessing = 0;
		};
		3D06D9C4243B0C94003D0EB2 /* Sources */ = {
			isa = PBXSourcesBuildPhase;
			buildActionMask = 2147483647;
			files = (
				3D06D9CD243B0C94003D0EB2 /* WaveMPUITests.swift in Sources */,
			);
			runOnlyForDeploymentPostprocessing = 0;
		};
/* End PBXSourcesBuildPhase section */

/* Begin PBXTargetDependency section */
		3D06D9BF243B0C94003D0EB2 /* PBXTargetDependency */ = {
			isa = PBXTargetDependency;
			target = 3D06D9A6243B0C91003D0EB2 /* WaveMP */;
			targetProxy = 3D06D9BE243B0C94003D0EB2 /* PBXContainerItemProxy */;
		};
		3D06D9CA243B0C94003D0EB2 /* PBXTargetDependency */ = {
			isa = PBXTargetDependency;
			target = 3D06D9A6243B0C91003D0EB2 /* WaveMP */;
			targetProxy = 3D06D9C9243B0C94003D0EB2 /* PBXContainerItemProxy */;
		};
/* End PBXTargetDependency section */

/* Begin PBXVariantGroup section */
		3D06D9B0243B0C91003D0EB2 /* Main.storyboard */ = {
			isa = PBXVariantGroup;
			children = (
				3D06D9B1243B0C91003D0EB2 /* Base */,
			);
			name = Main.storyboard;
			sourceTree = "<group>";
		};
		3D06D9B5243B0C94003D0EB2 /* LaunchScreen.storyboard */ = {
			isa = PBXVariantGroup;
			children = (
				3D06D9B6243B0C94003D0EB2 /* Base */,
			);
			name = LaunchScreen.storyboard;
			sourceTree = "<group>";
		};
/* End PBXVariantGroup section */

/* Begin XCBuildConfiguration section */
		3D06D9CF243B0C94003D0EB2 /* Debug */ = {
			isa = XCBuildConfiguration;
			buildSettings = {
				ALWAYS_SEARCH_USER_PATHS = NO;
				CLANG_ANALYZER_NONNULL = YES;
				CLANG_ANALYZER_NUMBER_OBJECT_CONVERSION = YES_AGGRESSIVE;
				CLANG_CXX_LANGUAGE_STANDARD = "gnu++14";
				CLANG_CXX_LIBRARY = "libc++";
				CLANG_ENABLE_MODULES = YES;
				CLANG_ENABLE_OBJC_ARC = YES;
				CLANG_ENABLE_OBJC_WEAK = YES;
				CLANG_WARN_BLOCK_CAPTURE_AUTORELEASING = YES;
				CLANG_WARN_BOOL_CONVERSION = YES;
				CLANG_WARN_COMMA = YES;
				CLANG_WARN_CONSTANT_CONVERSION = YES;
				CLANG_WARN_DEPRECATED_OBJC_IMPLEMENTATIONS = YES;
				CLANG_WARN_DIRECT_OBJC_ISA_USAGE = YES_ERROR;
				CLANG_WARN_DOCUMENTATION_COMMENTS = YES;
				CLANG_WARN_EMPTY_BODY = YES;
				CLANG_WARN_ENUM_CONVERSION = YES;
				CLANG_WARN_INFINITE_RECURSION = YES;
				CLANG_WARN_INT_CONVERSION = YES;
				CLANG_WARN_NON_LITERAL_NULL_CONVERSION = YES;
				CLANG_WARN_OBJC_IMPLICIT_RETAIN_SELF = YES;
				CLANG_WARN_OBJC_LITERAL_CONVERSION = YES;
				CLANG_WARN_OBJC_ROOT_CLASS = YES_ERROR;
				CLANG_WARN_QUOTED_INCLUDE_IN_FRAMEWORK_HEADER = YES;
				CLANG_WARN_RANGE_LOOP_ANALYSIS = YES;
				CLANG_WARN_STRICT_PROTOTYPES = YES;
				CLANG_WARN_SUSPICIOUS_MOVE = YES;
				CLANG_WARN_UNGUARDED_AVAILABILITY = YES_AGGRESSIVE;
				CLANG_WARN_UNREACHABLE_CODE = YES;
				CLANG_WARN__DUPLICATE_METHOD_MATCH = YES;
				COPY_PHASE_STRIP = NO;
				DEBUG_INFORMATION_FORMAT = dwarf;
				ENABLE_STRICT_OBJC_MSGSEND = YES;
				ENABLE_TESTABILITY = YES;
				GCC_C_LANGUAGE_STANDARD = gnu11;
				GCC_DYNAMIC_NO_PIC = NO;
				GCC_NO_COMMON_BLOCKS = YES;
				GCC_OPTIMIZATION_LEVEL = 0;
				GCC_PREPROCESSOR_DEFINITIONS = (
					"DEBUG=1",
					"$(inherited)",
				);
				GCC_WARN_64_TO_32_BIT_CONVERSION = YES;
				GCC_WARN_ABOUT_RETURN_TYPE = YES_ERROR;
				GCC_WARN_UNDECLARED_SELECTOR = YES;
				GCC_WARN_UNINITIALIZED_AUTOS = YES_AGGRESSIVE;
				GCC_WARN_UNUSED_FUNCTION = YES;
				GCC_WARN_UNUSED_VARIABLE = YES;
				IPHONEOS_DEPLOYMENT_TARGET = 13.1;
				MTL_ENABLE_DEBUG_INFO = INCLUDE_SOURCE;
				MTL_FAST_MATH = YES;
				ONLY_ACTIVE_ARCH = YES;
				SDKROOT = iphoneos;
				SWIFT_ACTIVE_COMPILATION_CONDITIONS = DEBUG;
				SWIFT_OPTIMIZATION_LEVEL = "-Onone";
			};
			name = Debug;
		};
		3D06D9D0243B0C94003D0EB2 /* Release */ = {
			isa = XCBuildConfiguration;
			buildSettings = {
				ALWAYS_SEARCH_USER_PATHS = NO;
				CLANG_ANALYZER_NONNULL = YES;
				CLANG_ANALYZER_NUMBER_OBJECT_CONVERSION = YES_AGGRESSIVE;
				CLANG_CXX_LANGUAGE_STANDARD = "gnu++14";
				CLANG_CXX_LIBRARY = "libc++";
				CLANG_ENABLE_MODULES = YES;
				CLANG_ENABLE_OBJC_ARC = YES;
				CLANG_ENABLE_OBJC_WEAK = YES;
				CLANG_WARN_BLOCK_CAPTURE_AUTORELEASING = YES;
				CLANG_WARN_BOOL_CONVERSION = YES;
				CLANG_WARN_COMMA = YES;
				CLANG_WARN_CONSTANT_CONVERSION = YES;
				CLANG_WARN_DEPRECATED_OBJC_IMPLEMENTATIONS = YES;
				CLANG_WARN_DIRECT_OBJC_ISA_USAGE = YES_ERROR;
				CLANG_WARN_DOCUMENTATION_COMMENTS = YES;
				CLANG_WARN_EMPTY_BODY = YES;
				CLANG_WARN_ENUM_CONVERSION = YES;
				CLANG_WARN_INFINITE_RECURSION = YES;
				CLANG_WARN_INT_CONVERSION = YES;
				CLANG_WARN_NON_LITERAL_NULL_CONVERSION = YES;
				CLANG_WARN_OBJC_IMPLICIT_RETAIN_SELF = YES;
				CLANG_WARN_OBJC_LITERAL_CONVERSION = YES;
				CLANG_WARN_OBJC_ROOT_CLASS = YES_ERROR;
				CLANG_WARN_QUOTED_INCLUDE_IN_FRAMEWORK_HEADER = YES;
				CLANG_WARN_RANGE_LOOP_ANALYSIS = YES;
				CLANG_WARN_STRICT_PROTOTYPES = YES;
				CLANG_WARN_SUSPICIOUS_MOVE = YES;
				CLANG_WARN_UNGUARDED_AVAILABILITY = YES_AGGRESSIVE;
				CLANG_WARN_UNREACHABLE_CODE = YES;
				CLANG_WARN__DUPLICATE_METHOD_MATCH = YES;
				COPY_PHASE_STRIP = NO;
				DEBUG_INFORMATION_FORMAT = "dwarf-with-dsym";
				ENABLE_NS_ASSERTIONS = NO;
				ENABLE_STRICT_OBJC_MSGSEND = YES;
				GCC_C_LANGUAGE_STANDARD = gnu11;
				GCC_NO_COMMON_BLOCKS = YES;
				GCC_WARN_64_TO_32_BIT_CONVERSION = YES;
				GCC_WARN_ABOUT_RETURN_TYPE = YES_ERROR;
				GCC_WARN_UNDECLARED_SELECTOR = YES;
				GCC_WARN_UNINITIALIZED_AUTOS = YES_AGGRESSIVE;
				GCC_WARN_UNUSED_FUNCTION = YES;
				GCC_WARN_UNUSED_VARIABLE = YES;
				IPHONEOS_DEPLOYMENT_TARGET = 13.1;
				MTL_ENABLE_DEBUG_INFO = NO;
				MTL_FAST_MATH = YES;
				SDKROOT = iphoneos;
				SWIFT_COMPILATION_MODE = wholemodule;
				SWIFT_OPTIMIZATION_LEVEL = "-O";
				VALIDATE_PRODUCT = YES;
			};
			name = Release;
		};
		3D06D9D2243B0C94003D0EB2 /* Debug */ = {
			isa = XCBuildConfiguration;
			baseConfigurationReference = 83FC797A1717C604413230C9 /* Pods-WaveMP.debug.xcconfig */;
			buildSettings = {
				ASSETCATALOG_COMPILER_APPICON_NAME = AppIcon;
				CODE_SIGN_IDENTITY = "Apple Development";
				CODE_SIGN_STYLE = Automatic;
				DEVELOPMENT_TEAM = YVG3V79M76;
				FRAMEWORK_SEARCH_PATHS = (
					"$(inherited)",
					"$(PROJECT_DIR)/Carthage/Build/iOS",
				);
				INFOPLIST_FILE = WaveMP/Info.plist;
				LD_RUNPATH_SEARCH_PATHS = (
					"$(inherited)",
					"@executable_path/Frameworks",
				);
				PRODUCT_BUNDLE_IDENTIFIER = com.organization.WaveMPN;
				PRODUCT_NAME = "$(TARGET_NAME)";
				PROVISIONING_PROFILE_SPECIFIER = "";
				SWIFT_VERSION = 5.0;
				TARGETED_DEVICE_FAMILY = "1,2";
			};
			name = Debug;
		};
		3D06D9D3243B0C94003D0EB2 /* Release */ = {
			isa = XCBuildConfiguration;
			baseConfigurationReference = 69EA758BD4ACF6C993463B9F /* Pods-WaveMP.release.xcconfig */;
			buildSettings = {
				ASSETCATALOG_COMPILER_APPICON_NAME = AppIcon;
				CODE_SIGN_IDENTITY = "Apple Development";
				CODE_SIGN_STYLE = Automatic;
				DEVELOPMENT_TEAM = YVG3V79M76;
				FRAMEWORK_SEARCH_PATHS = (
					"$(inherited)",
					"$(PROJECT_DIR)/Carthage/Build/iOS",
				);
				INFOPLIST_FILE = WaveMP/Info.plist;
				LD_RUNPATH_SEARCH_PATHS = (
					"$(inherited)",
					"@executable_path/Frameworks",
				);
				PRODUCT_BUNDLE_IDENTIFIER = com.organization.WaveMPN;
				PRODUCT_NAME = "$(TARGET_NAME)";
				PROVISIONING_PROFILE_SPECIFIER = "";
				SWIFT_VERSION = 5.0;
				TARGETED_DEVICE_FAMILY = "1,2";
			};
			name = Release;
		};
		3D06D9D5243B0C94003D0EB2 /* Debug */ = {
			isa = XCBuildConfiguration;
			baseConfigurationReference = 97AB8EA354E76EB3AFEA3A5F /* Pods-WaveMPTests.debug.xcconfig */;
			buildSettings = {
				ALWAYS_EMBED_SWIFT_STANDARD_LIBRARIES = YES;
				BUNDLE_LOADER = "$(TEST_HOST)";
				CODE_SIGN_STYLE = Automatic;
				DEVELOPMENT_TEAM = 6LL2NZWVJF;
				INFOPLIST_FILE = WaveMPTests/Info.plist;
				IPHONEOS_DEPLOYMENT_TARGET = 13.4;
				LD_RUNPATH_SEARCH_PATHS = (
					"$(inherited)",
					"@executable_path/Frameworks",
					"@loader_path/Frameworks",
				);
				PRODUCT_BUNDLE_IDENTIFIER = com.samueltsokwa.WaveMPTests;
				PRODUCT_NAME = "$(TARGET_NAME)";
				SWIFT_VERSION = 5.0;
				TARGETED_DEVICE_FAMILY = "1,2";
				TEST_HOST = "$(BUILT_PRODUCTS_DIR)/WaveMP.app/WaveMP";
			};
			name = Debug;
		};
		3D06D9D6243B0C94003D0EB2 /* Release */ = {
			isa = XCBuildConfiguration;
			baseConfigurationReference = F779C9E8F80A772B44705D82 /* Pods-WaveMPTests.release.xcconfig */;
			buildSettings = {
				ALWAYS_EMBED_SWIFT_STANDARD_LIBRARIES = YES;
				BUNDLE_LOADER = "$(TEST_HOST)";
				CODE_SIGN_STYLE = Automatic;
				DEVELOPMENT_TEAM = 6LL2NZWVJF;
				INFOPLIST_FILE = WaveMPTests/Info.plist;
				IPHONEOS_DEPLOYMENT_TARGET = 13.4;
				LD_RUNPATH_SEARCH_PATHS = (
					"$(inherited)",
					"@executable_path/Frameworks",
					"@loader_path/Frameworks",
				);
				PRODUCT_BUNDLE_IDENTIFIER = com.samueltsokwa.WaveMPTests;
				PRODUCT_NAME = "$(TARGET_NAME)";
				SWIFT_VERSION = 5.0;
				TARGETED_DEVICE_FAMILY = "1,2";
				TEST_HOST = "$(BUILT_PRODUCTS_DIR)/WaveMP.app/WaveMP";
			};
			name = Release;
		};
		3D06D9D8243B0C94003D0EB2 /* Debug */ = {
			isa = XCBuildConfiguration;
			baseConfigurationReference = 0E4375430E69F4E8DCF72527 /* Pods-WaveMP-WaveMPUITests.debug.xcconfig */;
			buildSettings = {
				ALWAYS_EMBED_SWIFT_STANDARD_LIBRARIES = YES;
				CODE_SIGN_STYLE = Automatic;
				DEVELOPMENT_TEAM = 6LL2NZWVJF;
				INFOPLIST_FILE = WaveMPUITests/Info.plist;
				LD_RUNPATH_SEARCH_PATHS = (
					"$(inherited)",
					"@executable_path/Frameworks",
					"@loader_path/Frameworks",
				);
				PRODUCT_BUNDLE_IDENTIFIER = com.samueltsokwa.WaveMPUITests;
				PRODUCT_NAME = "$(TARGET_NAME)";
				SWIFT_VERSION = 5.0;
				TARGETED_DEVICE_FAMILY = "1,2";
				TEST_TARGET_NAME = WaveMP;
			};
			name = Debug;
		};
		3D06D9D9243B0C94003D0EB2 /* Release */ = {
			isa = XCBuildConfiguration;
			baseConfigurationReference = 0957CA54783AA774597EEC04 /* Pods-WaveMP-WaveMPUITests.release.xcconfig */;
			buildSettings = {
				ALWAYS_EMBED_SWIFT_STANDARD_LIBRARIES = YES;
				CODE_SIGN_STYLE = Automatic;
				DEVELOPMENT_TEAM = 6LL2NZWVJF;
				INFOPLIST_FILE = WaveMPUITests/Info.plist;
				LD_RUNPATH_SEARCH_PATHS = (
					"$(inherited)",
					"@executable_path/Frameworks",
					"@loader_path/Frameworks",
				);
				PRODUCT_BUNDLE_IDENTIFIER = com.samueltsokwa.WaveMPUITests;
				PRODUCT_NAME = "$(TARGET_NAME)";
				SWIFT_VERSION = 5.0;
				TARGETED_DEVICE_FAMILY = "1,2";
				TEST_TARGET_NAME = WaveMP;
			};
			name = Release;
		};
/* End XCBuildConfiguration section */

/* Begin XCConfigurationList section */
		3D06D9A2243B0C91003D0EB2 /* Build configuration list for PBXProject "WaveMP" */ = {
			isa = XCConfigurationList;
			buildConfigurations = (
				3D06D9CF243B0C94003D0EB2 /* Debug */,
				3D06D9D0243B0C94003D0EB2 /* Release */,
			);
			defaultConfigurationIsVisible = 0;
			defaultConfigurationName = Release;
		};
		3D06D9D1243B0C94003D0EB2 /* Build configuration list for PBXNativeTarget "WaveMP" */ = {
			isa = XCConfigurationList;
			buildConfigurations = (
				3D06D9D2243B0C94003D0EB2 /* Debug */,
				3D06D9D3243B0C94003D0EB2 /* Release */,
			);
			defaultConfigurationIsVisible = 0;
			defaultConfigurationName = Release;
		};
		3D06D9D4243B0C94003D0EB2 /* Build configuration list for PBXNativeTarget "WaveMPTests" */ = {
			isa = XCConfigurationList;
			buildConfigurations = (
				3D06D9D5243B0C94003D0EB2 /* Debug */,
				3D06D9D6243B0C94003D0EB2 /* Release */,
			);
			defaultConfigurationIsVisible = 0;
			defaultConfigurationName = Release;
		};
		3D06D9D7243B0C94003D0EB2 /* Build configuration list for PBXNativeTarget "WaveMPUITests" */ = {
			isa = XCConfigurationList;
			buildConfigurations = (
				3D06D9D8243B0C94003D0EB2 /* Debug */,
				3D06D9D9243B0C94003D0EB2 /* Release */,
			);
			defaultConfigurationIsVisible = 0;
			defaultConfigurationName = Release;
		};
/* End XCConfigurationList section */

/* Begin XCRemoteSwiftPackageReference section */
		3DC90228251601D00024885A /* XCRemoteSwiftPackageReference "LNPopupController" */ = {
			isa = XCRemoteSwiftPackageReference;
			repositoryURL = "https://github.com/LeoNatan/LNPopupController";
			requirement = {
				kind = upToNextMajorVersion;
				minimumVersion = 2.10.12;
			};
		};
/* End XCRemoteSwiftPackageReference section */

/* Begin XCSwiftPackageProductDependency section */
		3DC9022D2516029C0024885A /* LNPopupController */ = {
			isa = XCSwiftPackageProductDependency;
			package = 3DC90228251601D00024885A /* XCRemoteSwiftPackageReference "LNPopupController" */;
			productName = LNPopupController;
		};
/* End XCSwiftPackageProductDependency section */
	};
	rootObject = 3D06D99F243B0C91003D0EB2 /* Project object */;
}
